
Microsoft Visual Studio Solution File, Format Version 12.00
Project("{2150E333-8FDC-42A3-9474-1A3956D46DE8}") = "src", "src", "{EFDBC9CE-1221-4429-8EC2-291EBF2F9EC2}"
EndProject
Project("{2150E333-8FDC-42A3-9474-1A3956D46DE8}") = "tests", "tests", "{077D6AAF-8CB3-4C0C-B4D7-AE1463B3458E}"
EndProject
Project("{FAE04EC0-301F-11D3-BF4B-00C04F79EFBC}") = "Audacia.Seed", "src\Audacia.Seed\Audacia.Seed.csproj", "{316E2E31-C83B-47F5-BE39-DEECF0AA3899}"
EndProject
Project("{FAE04EC0-301F-11D3-BF4B-00C04F79EFBC}") = "Audacia.Seed.EntityFramework", "src\Audacia.Seed.EntityFramework\Audacia.Seed.EntityFramework.csproj", "{3E9281D5-DD8E-4C05-86AC-CD3031D9CF28}"
EndProject
Project("{FAE04EC0-301F-11D3-BF4B-00C04F79EFBC}") = "Audacia.Seed.EntityFrameworkCore", "src\Audacia.Seed.EntityFrameworkCore\Audacia.Seed.EntityFrameworkCore.csproj", "{8DC594C7-7EBB-475A-868C-6446E8F067B3}"
EndProject
Project("{FAE04EC0-301F-11D3-BF4B-00C04F79EFBC}") = "Audacia.Seed.Tests", "tests\Audacia.Seed.Tests\Audacia.Seed.Tests.csproj", "{E3DC7701-D78F-4AEA-8C06-82444D66A80F}"
EndProject
Project("{2150E333-8FDC-42A3-9474-1A3956D46DE8}") = "helpers", "helpers", "{F08CA66E-172E-4687-8F83-FAA09A182463}"
EndProject
Project("{FAE04EC0-301F-11D3-BF4B-00C04F79EFBC}") = "Audacia.Seed.Tests.ExampleProject", "tests\helpers\Audacia.Seed.Tests.ExampleProject\Audacia.Seed.Tests.ExampleProject.csproj", "{A25B90D1-6AA5-4071-8C75-C2B84093AB3A}"
EndProject
Global
	GlobalSection(SolutionConfigurationPlatforms) = preSolution
		Debug|Any CPU = Debug|Any CPU
		Release|Any CPU = Release|Any CPU
	EndGlobalSection
	GlobalSection(ProjectConfigurationPlatforms) = postSolution
		{316E2E31-C83B-47F5-BE39-DEECF0AA3899}.Debug|Any CPU.ActiveCfg = Debug|Any CPU
		{316E2E31-C83B-47F5-BE39-DEECF0AA3899}.Debug|Any CPU.Build.0 = Debug|Any CPU
		{316E2E31-C83B-47F5-BE39-DEECF0AA3899}.Release|Any CPU.ActiveCfg = Release|Any CPU
		{316E2E31-C83B-47F5-BE39-DEECF0AA3899}.Release|Any CPU.Build.0 = Release|Any CPU
		{3E9281D5-DD8E-4C05-86AC-CD3031D9CF28}.Debug|Any CPU.ActiveCfg = Debug|Any CPU
		{3E9281D5-DD8E-4C05-86AC-CD3031D9CF28}.Debug|Any CPU.Build.0 = Debug|Any CPU
		{3E9281D5-DD8E-4C05-86AC-CD3031D9CF28}.Release|Any CPU.ActiveCfg = Release|Any CPU
		{3E9281D5-DD8E-4C05-86AC-CD3031D9CF28}.Release|Any CPU.Build.0 = Release|Any CPU
		{8DC594C7-7EBB-475A-868C-6446E8F067B3}.Debug|Any CPU.ActiveCfg = Debug|Any CPU
		{8DC594C7-7EBB-475A-868C-6446E8F067B3}.Debug|Any CPU.Build.0 = Debug|Any CPU
		{8DC594C7-7EBB-475A-868C-6446E8F067B3}.Release|Any CPU.ActiveCfg = Release|Any CPU
		{8DC594C7-7EBB-475A-868C-6446E8F067B3}.Release|Any CPU.Build.0 = Release|Any CPU
		{E3DC7701-D78F-4AEA-8C06-82444D66A80F}.Debug|Any CPU.ActiveCfg = Debug|Any CPU
		{E3DC7701-D78F-4AEA-8C06-82444D66A80F}.Debug|Any CPU.Build.0 = Debug|Any CPU
		{E3DC7701-D78F-4AEA-8C06-82444D66A80F}.Release|Any CPU.ActiveCfg = Release|Any CPU
		{E3DC7701-D78F-4AEA-8C06-82444D66A80F}.Release|Any CPU.Build.0 = Release|Any CPU
		{A25B90D1-6AA5-4071-8C75-C2B84093AB3A}.Debug|Any CPU.ActiveCfg = Debug|Any CPU
		{A25B90D1-6AA5-4071-8C75-C2B84093AB3A}.Debug|Any CPU.Build.0 = Debug|Any CPU
		{A25B90D1-6AA5-4071-8C75-C2B84093AB3A}.Release|Any CPU.ActiveCfg = Release|Any CPU
		{A25B90D1-6AA5-4071-8C75-C2B84093AB3A}.Release|Any CPU.Build.0 = Release|Any CPU
	EndGlobalSection
	GlobalSection(NestedProjects) = preSolution
		{316E2E31-C83B-47F5-BE39-DEECF0AA3899} = {EFDBC9CE-1221-4429-8EC2-291EBF2F9EC2}
		{3E9281D5-DD8E-4C05-86AC-CD3031D9CF28} = {EFDBC9CE-1221-4429-8EC2-291EBF2F9EC2}
		{8DC594C7-7EBB-475A-868C-6446E8F067B3} = {EFDBC9CE-1221-4429-8EC2-291EBF2F9EC2}
		{E3DC7701-D78F-4AEA-8C06-82444D66A80F} = {077D6AAF-8CB3-4C0C-B4D7-AE1463B3458E}
		{F08CA66E-172E-4687-8F83-FAA09A182463} = {077D6AAF-8CB3-4C0C-B4D7-AE1463B3458E}
		{A25B90D1-6AA5-4071-8C75-C2B84093AB3A} = {F08CA66E-172E-4687-8F83-FAA09A182463}
	EndGlobalSection
EndGlobal
